// !$*UTF8*$!
{
	archiveVersion = 1;
	classes = {
	};
	objectVersion = 48;
	objects = {

/* Begin PBXBuildFile section */
		27B24E57E4795EB895398D71 /* Pods_AAC_EventsTests.framework in Frameworks */ = {isa = PBXBuildFile; fileRef = ED42D10E5350A7ED22D9D288 /* Pods_AAC_EventsTests.framework */; };
		6A3A3E318EA14BCF6044C54E /* Pods_AAC_Events_OneSignalNotificationServiceExtension.framework in Frameworks */ = {isa = PBXBuildFile; fileRef = 275D3F33A337AC98004C5147 /* Pods_AAC_Events_OneSignalNotificationServiceExtension.framework */; };
		733D885320312ECB008F1255 /* AboutViewController.swift in Sources */ = {isa = PBXBuildFile; fileRef = 733D885220312ECB008F1255 /* AboutViewController.swift */; };
		733D885520316D16008F1255 /* DonateViewController.swift in Sources */ = {isa = PBXBuildFile; fileRef = 733D885420316D16008F1255 /* DonateViewController.swift */; };
		7352BFFA2045525500301FB0 /* InitiativesViewController.swift in Sources */ = {isa = PBXBuildFile; fileRef = 7352BFF92045525500301FB0 /* InitiativesViewController.swift */; };
		735CF56020358D6F0032D670 /* CommitteeMemberViewController.swift in Sources */ = {isa = PBXBuildFile; fileRef = 735CF55F20358D6F0032D670 /* CommitteeMemberViewController.swift */; };
		737CEAFF203421C400A8F7A9 /* FAQViewController.swift in Sources */ = {isa = PBXBuildFile; fileRef = 737CEAFE203421C400A8F7A9 /* FAQViewController.swift */; };
		737CEB0120342B2000A8F7A9 /* CommitteeViewController.swift in Sources */ = {isa = PBXBuildFile; fileRef = 737CEB0020342B2000A8F7A9 /* CommitteeViewController.swift */; };
		738069F02059DE9800F4BB6E /* CreditsViewController.swift in Sources */ = {isa = PBXBuildFile; fileRef = 738069EF2059DE9800F4BB6E /* CreditsViewController.swift */; };
		738B8A7D205F3C9500BFD6BB /* AACareViewController.swift in Sources */ = {isa = PBXBuildFile; fileRef = 738B8A7C205F3C9500BFD6BB /* AACareViewController.swift */; };
		73C77D1A2047F0E500800F7F /* InitiativeDetailsViewController.swift in Sources */ = {isa = PBXBuildFile; fileRef = 73C77D192047F0E500800F7F /* InitiativeDetailsViewController.swift */; };
		73C77D1C204802BE00800F7F /* ConferenceEvaluationViewController.swift in Sources */ = {isa = PBXBuildFile; fileRef = 73C77D1B204802BE00800F7F /* ConferenceEvaluationViewController.swift */; };
		73F3993A2296C4E900A9EBDB /* InformationViewController.swift in Sources */ = {isa = PBXBuildFile; fileRef = 73F399392296C4E900A9EBDB /* InformationViewController.swift */; };
		7D591DB4F387EDA40D8E396E /* Pods_AAC_Events.framework in Frameworks */ = {isa = PBXBuildFile; fileRef = 48A26C403FA682AF4768BF86 /* Pods_AAC_Events.framework */; };
		8AB6EB29DCA451E8FB717EBC /* Pods_AAC_EventsUITests.framework in Frameworks */ = {isa = PBXBuildFile; fileRef = 73703A89AB3B6CA9F12E142A /* Pods_AAC_EventsUITests.framework */; };
		9B032940201ACF9900B94A74 /* SessionDetailsViewController.swift in Sources */ = {isa = PBXBuildFile; fileRef = 9B03293F201ACF9800B94A74 /* SessionDetailsViewController.swift */; };
		9B346A76202930DF004263CF /* MyScheduleViewController.swift in Sources */ = {isa = PBXBuildFile; fileRef = 9B346A75202930DF004263CF /* MyScheduleViewController.swift */; };
		9B346A78202A8BBF004263CF /* SpeakersViewController.swift in Sources */ = {isa = PBXBuildFile; fileRef = 9B346A77202A8BBE004263CF /* SpeakersViewController.swift */; };
		9B346A7A202A979E004263CF /* PersonDetailsViewController.swift in Sources */ = {isa = PBXBuildFile; fileRef = 9B346A79202A979E004263CF /* PersonDetailsViewController.swift */; };
		9B346A7C202BE660004263CF /* API.swift in Sources */ = {isa = PBXBuildFile; fileRef = 9B346A7B202BE660004263CF /* API.swift */; };
		9B346A7E202BE869004263CF /* AttendeesViewController.swift in Sources */ = {isa = PBXBuildFile; fileRef = 9B346A7D202BE869004263CF /* AttendeesViewController.swift */; };
		9B346A80202BEE3C004263CF /* AttendeeTableViewCell.swift in Sources */ = {isa = PBXBuildFile; fileRef = 9B346A7F202BEE3C004263CF /* AttendeeTableViewCell.swift */; };
		9B354D7D2034F10C005E2A04 /* PersonTableViewCell.swift in Sources */ = {isa = PBXBuildFile; fileRef = 9B354D7C2034F10C005E2A04 /* PersonTableViewCell.swift */; };
		9B354D7F204241AA005E2A04 /* Sponsors.swift in Sources */ = {isa = PBXBuildFile; fileRef = 9B354D7E204241AA005E2A04 /* Sponsors.swift */; };
		9B3C746B1FFDA5180004A82A /* Main.storyboard in Resources */ = {isa = PBXBuildFile; fileRef = 9B3C746A1FFDA5180004A82A /* Main.storyboard */; };
		9B3C746E1FFDA5370004A82A /* NavigationMenuViewController.swift in Sources */ = {isa = PBXBuildFile; fileRef = 9B3C746C1FFDA5370004A82A /* NavigationMenuViewController.swift */; };
		9B3C746F1FFDA5370004A82A /* HostViewController.swift in Sources */ = {isa = PBXBuildFile; fileRef = 9B3C746D1FFDA5370004A82A /* HostViewController.swift */; };
		9B3C74721FFDA9380004A82A /* Assets.xcassets in Resources */ = {isa = PBXBuildFile; fileRef = 9B3C74711FFDA9370004A82A /* Assets.xcassets */; };
		9B3C74751FFDA9BD0004A82A /* TabBarViewController.swift in Sources */ = {isa = PBXBuildFile; fileRef = 9B3C74731FFDA9BD0004A82A /* TabBarViewController.swift */; };
		9B3C74761FFDA9BD0004A82A /* KittyViewController.swift in Sources */ = {isa = PBXBuildFile; fileRef = 9B3C74741FFDA9BD0004A82A /* KittyViewController.swift */; };
		9B3C747C20004C0C0004A82A /* ViewHeader.swift in Sources */ = {isa = PBXBuildFile; fileRef = 9B3C747B20004C0C0004A82A /* ViewHeader.swift */; };
		9B3C747E20004C2B0004A82A /* ViewHeader.xib in Resources */ = {isa = PBXBuildFile; fileRef = 9B3C747D20004C2B0004A82A /* ViewHeader.xib */; };
		9B3D870E2005F53D00599D92 /* SponsorDetailsViewController.swift in Sources */ = {isa = PBXBuildFile; fileRef = 9B3D870D2005F53D00599D92 /* SponsorDetailsViewController.swift */; };
		9B3D87112006CEF000599D92 /* SessionTableViewCell.swift in Sources */ = {isa = PBXBuildFile; fileRef = 9B3D870F2006CEF000599D92 /* SessionTableViewCell.swift */; };
		9B3D87122006CEF000599D92 /* SessionTableViewCell.xib in Resources */ = {isa = PBXBuildFile; fileRef = 9B3D87102006CEF000599D92 /* SessionTableViewCell.xib */; };
		9B3D87142006E70B00599D92 /* AgendaViewController.swift in Sources */ = {isa = PBXBuildFile; fileRef = 9B3D87132006E70B00599D92 /* AgendaViewController.swift */; };
		9B88BFD5204F99C10067BFF6 /* NotificationService.swift in Sources */ = {isa = PBXBuildFile; fileRef = 9B88BFD4204F99C10067BFF6 /* NotificationService.swift */; };
		9B88BFD9204F99C20067BFF6 /* OneSignalNotificationServiceExtension.appex in Embed App Extensions */ = {isa = PBXBuildFile; fileRef = 9B88BFD2204F99C10067BFF6 /* OneSignalNotificationServiceExtension.appex */; settings = {ATTRIBUTES = (RemoveHeadersOnCopy, ); }; };
		9BB0C92B2031304300B4C87E /* Cohort.swift in Sources */ = {isa = PBXBuildFile; fileRef = 9BB0C92A2031304300B4C87E /* Cohort.swift */; };
		9BB0C92D203375C600B4C87E /* CohortTableViewCell.swift in Sources */ = {isa = PBXBuildFile; fileRef = 9BB0C92C203375C600B4C87E /* CohortTableViewCell.swift */; };
		9BD4A4411FFC485700C20D4F /* AppDelegate.swift in Sources */ = {isa = PBXBuildFile; fileRef = 9BD4A4401FFC485700C20D4F /* AppDelegate.swift */; };
		9BD4A4431FFC485700C20D4F /* ViewController.swift in Sources */ = {isa = PBXBuildFile; fileRef = 9BD4A4421FFC485700C20D4F /* ViewController.swift */; };
		9BD4A4461FFC485700C20D4F /* Login.storyboard in Resources */ = {isa = PBXBuildFile; fileRef = 9BD4A4441FFC485700C20D4F /* Login.storyboard */; };
		9BD4A4491FFC485700C20D4F /* AAC_Events.xcdatamodeld in Sources */ = {isa = PBXBuildFile; fileRef = 9BD4A4471FFC485700C20D4F /* AAC_Events.xcdatamodeld */; };
		9BD4A44E1FFC485700C20D4F /* LaunchScreen.storyboard in Resources */ = {isa = PBXBuildFile; fileRef = 9BD4A44C1FFC485700C20D4F /* LaunchScreen.storyboard */; };
		9BD4A4591FFC485700C20D4F /* AAC_EventsTests.swift in Sources */ = {isa = PBXBuildFile; fileRef = 9BD4A4581FFC485700C20D4F /* AAC_EventsTests.swift */; };
		9BD4A4641FFC485700C20D4F /* AAC_EventsUITests.swift in Sources */ = {isa = PBXBuildFile; fileRef = 9BD4A4631FFC485700C20D4F /* AAC_EventsUITests.swift */; };
		9BDC06C620072EE300F825E4 /* SponsorViewController.swift in Sources */ = {isa = PBXBuildFile; fileRef = 9BDC06C520072EE300F825E4 /* SponsorViewController.swift */; };
		9BDC06C8200825D500F825E4 /* NormsViewController.swift in Sources */ = {isa = PBXBuildFile; fileRef = 9BDC06C7200825D400F825E4 /* NormsViewController.swift */; };
		9BDC06D3200839F500F825E4 /* PeopleList.swift in Sources */ = {isa = PBXBuildFile; fileRef = 9BDC06D0200839F400F825E4 /* PeopleList.swift */; };
		9BDC06D5200839F500F825E4 /* Session.swift in Sources */ = {isa = PBXBuildFile; fileRef = 9BDC06D2200839F500F825E4 /* Session.swift */; };
		9BF38A572004462B0078FC59 /* CohortsViewController.swift in Sources */ = {isa = PBXBuildFile; fileRef = 9BF38A562004462B0078FC59 /* CohortsViewController.swift */; };
		BDE586E4205A17FE005702C9 /* ImageLabelTableViewCell.swift in Sources */ = {isa = PBXBuildFile; fileRef = BDE586E2205A17FE005702C9 /* ImageLabelTableViewCell.swift */; };
		BDE586E5205A17FE005702C9 /* ImageLabelTableViewCell.xib in Resources */ = {isa = PBXBuildFile; fileRef = BDE586E3205A17FE005702C9 /* ImageLabelTableViewCell.xib */; };
/* End PBXBuildFile section */

/* Begin PBXContainerItemProxy section */
		9B88BFD7204F99C20067BFF6 /* PBXContainerItemProxy */ = {
			isa = PBXContainerItemProxy;
			containerPortal = 9BD4A4351FFC485700C20D4F /* Project object */;
			proxyType = 1;
			remoteGlobalIDString = 9B88BFD1204F99C10067BFF6;
			remoteInfo = OneSignalNotificationServiceExtension;
		};
		9BD4A4551FFC485700C20D4F /* PBXContainerItemProxy */ = {
			isa = PBXContainerItemProxy;
			containerPortal = 9BD4A4351FFC485700C20D4F /* Project object */;
			proxyType = 1;
			remoteGlobalIDString = 9BD4A43C1FFC485700C20D4F;
			remoteInfo = "AAC Events";
		};
		9BD4A4601FFC485700C20D4F /* PBXContainerItemProxy */ = {
			isa = PBXContainerItemProxy;
			containerPortal = 9BD4A4351FFC485700C20D4F /* Project object */;
			proxyType = 1;
			remoteGlobalIDString = 9BD4A43C1FFC485700C20D4F;
			remoteInfo = "AAC Events";
		};
/* End PBXContainerItemProxy section */

/* Begin PBXCopyFilesBuildPhase section */
		9B88BFDD204F99C20067BFF6 /* Embed App Extensions */ = {
			isa = PBXCopyFilesBuildPhase;
			buildActionMask = 2147483647;
			dstPath = "";
			dstSubfolderSpec = 13;
			files = (
				9B88BFD9204F99C20067BFF6 /* OneSignalNotificationServiceExtension.appex in Embed App Extensions */,
			);
			name = "Embed App Extensions";
			runOnlyForDeploymentPostprocessing = 0;
		};
/* End PBXCopyFilesBuildPhase section */

/* Begin PBXFileReference section */
		275D3F33A337AC98004C5147 /* Pods_AAC_Events_OneSignalNotificationServiceExtension.framework */ = {isa = PBXFileReference; explicitFileType = wrapper.framework; includeInIndex = 0; path = Pods_AAC_Events_OneSignalNotificationServiceExtension.framework; sourceTree = BUILT_PRODUCTS_DIR; };
		406C4D7011B0DC5372B93604 /* Pods-AAC EventsTests.release.xcconfig */ = {isa = PBXFileReference; includeInIndex = 1; lastKnownFileType = text.xcconfig; name = "Pods-AAC EventsTests.release.xcconfig"; path = "Pods/Target Support Files/Pods-AAC EventsTests/Pods-AAC EventsTests.release.xcconfig"; sourceTree = "<group>"; };
		48A26C403FA682AF4768BF86 /* Pods_AAC_Events.framework */ = {isa = PBXFileReference; explicitFileType = wrapper.framework; includeInIndex = 0; path = Pods_AAC_Events.framework; sourceTree = BUILT_PRODUCTS_DIR; };
		4E4DC0CA551E8CAF173BB0F6 /* Pods-AAC Events.debug.xcconfig */ = {isa = PBXFileReference; includeInIndex = 1; lastKnownFileType = text.xcconfig; name = "Pods-AAC Events.debug.xcconfig"; path = "Pods/Target Support Files/Pods-AAC Events/Pods-AAC Events.debug.xcconfig"; sourceTree = "<group>"; };
		733D885220312ECB008F1255 /* AboutViewController.swift */ = {isa = PBXFileReference; lastKnownFileType = sourcecode.swift; path = AboutViewController.swift; sourceTree = "<group>"; };
		733D885420316D16008F1255 /* DonateViewController.swift */ = {isa = PBXFileReference; lastKnownFileType = sourcecode.swift; path = DonateViewController.swift; sourceTree = "<group>"; };
		7352BFF92045525500301FB0 /* InitiativesViewController.swift */ = {isa = PBXFileReference; lastKnownFileType = sourcecode.swift; path = InitiativesViewController.swift; sourceTree = "<group>"; };
		735CF55F20358D6F0032D670 /* CommitteeMemberViewController.swift */ = {isa = PBXFileReference; lastKnownFileType = sourcecode.swift; path = CommitteeMemberViewController.swift; sourceTree = "<group>"; };
		73703A89AB3B6CA9F12E142A /* Pods_AAC_EventsUITests.framework */ = {isa = PBXFileReference; explicitFileType = wrapper.framework; includeInIndex = 0; path = Pods_AAC_EventsUITests.framework; sourceTree = BUILT_PRODUCTS_DIR; };
		737CEAFE203421C400A8F7A9 /* FAQViewController.swift */ = {isa = PBXFileReference; lastKnownFileType = sourcecode.swift; path = FAQViewController.swift; sourceTree = "<group>"; };
		737CEB0020342B2000A8F7A9 /* CommitteeViewController.swift */ = {isa = PBXFileReference; lastKnownFileType = sourcecode.swift; path = CommitteeViewController.swift; sourceTree = "<group>"; };
		738069EF2059DE9800F4BB6E /* CreditsViewController.swift */ = {isa = PBXFileReference; lastKnownFileType = sourcecode.swift; path = CreditsViewController.swift; sourceTree = "<group>"; };
		738B8A7C205F3C9500BFD6BB /* AACareViewController.swift */ = {isa = PBXFileReference; lastKnownFileType = sourcecode.swift; path = AACareViewController.swift; sourceTree = "<group>"; };
		73C77D192047F0E500800F7F /* InitiativeDetailsViewController.swift */ = {isa = PBXFileReference; lastKnownFileType = sourcecode.swift; path = InitiativeDetailsViewController.swift; sourceTree = "<group>"; };
		73C77D1B204802BE00800F7F /* ConferenceEvaluationViewController.swift */ = {isa = PBXFileReference; lastKnownFileType = sourcecode.swift; path = ConferenceEvaluationViewController.swift; sourceTree = "<group>"; };
		73F399392296C4E900A9EBDB /* InformationViewController.swift */ = {isa = PBXFileReference; lastKnownFileType = sourcecode.swift; path = InformationViewController.swift; sourceTree = "<group>"; };
		85731998ADBEDC9ECBB94EE9 /* Pods-AAC EventsUITests.release.xcconfig */ = {isa = PBXFileReference; includeInIndex = 1; lastKnownFileType = text.xcconfig; name = "Pods-AAC EventsUITests.release.xcconfig"; path = "Pods/Target Support Files/Pods-AAC EventsUITests/Pods-AAC EventsUITests.release.xcconfig"; sourceTree = "<group>"; };
		98C5C5F96D2D6F7313CD9A7A /* Pods-AAC EventsTests.debug.xcconfig */ = {isa = PBXFileReference; includeInIndex = 1; lastKnownFileType = text.xcconfig; name = "Pods-AAC EventsTests.debug.xcconfig"; path = "Pods/Target Support Files/Pods-AAC EventsTests/Pods-AAC EventsTests.debug.xcconfig"; sourceTree = "<group>"; };
		9B03293F201ACF9800B94A74 /* SessionDetailsViewController.swift */ = {isa = PBXFileReference; lastKnownFileType = sourcecode.swift; path = SessionDetailsViewController.swift; sourceTree = "<group>"; };
		9B346A75202930DF004263CF /* MyScheduleViewController.swift */ = {isa = PBXFileReference; lastKnownFileType = sourcecode.swift; path = MyScheduleViewController.swift; sourceTree = "<group>"; };
		9B346A77202A8BBE004263CF /* SpeakersViewController.swift */ = {isa = PBXFileReference; lastKnownFileType = sourcecode.swift; path = SpeakersViewController.swift; sourceTree = "<group>"; };
		9B346A79202A979E004263CF /* PersonDetailsViewController.swift */ = {isa = PBXFileReference; lastKnownFileType = sourcecode.swift; path = PersonDetailsViewController.swift; sourceTree = "<group>"; };
		9B346A7B202BE660004263CF /* API.swift */ = {isa = PBXFileReference; fileEncoding = 4; lastKnownFileType = sourcecode.swift; path = API.swift; sourceTree = "<group>"; };
		9B346A7D202BE869004263CF /* AttendeesViewController.swift */ = {isa = PBXFileReference; lastKnownFileType = sourcecode.swift; path = AttendeesViewController.swift; sourceTree = "<group>"; };
		9B346A7F202BEE3C004263CF /* AttendeeTableViewCell.swift */ = {isa = PBXFileReference; lastKnownFileType = sourcecode.swift; path = AttendeeTableViewCell.swift; sourceTree = "<group>"; };
		9B354D7C2034F10C005E2A04 /* PersonTableViewCell.swift */ = {isa = PBXFileReference; lastKnownFileType = sourcecode.swift; path = PersonTableViewCell.swift; sourceTree = "<group>"; };
		9B354D7E204241AA005E2A04 /* Sponsors.swift */ = {isa = PBXFileReference; lastKnownFileType = sourcecode.swift; path = Sponsors.swift; sourceTree = "<group>"; };
		9B354D8020491089005E2A04 /* AAC Events.entitlements */ = {isa = PBXFileReference; lastKnownFileType = text.plist.entitlements; path = "AAC Events.entitlements"; sourceTree = "<group>"; };
		9B3C746A1FFDA5180004A82A /* Main.storyboard */ = {isa = PBXFileReference; fileEncoding = 4; lastKnownFileType = file.storyboard; path = Main.storyboard; sourceTree = "<group>"; };
		9B3C746C1FFDA5370004A82A /* NavigationMenuViewController.swift */ = {isa = PBXFileReference; fileEncoding = 4; lastKnownFileType = sourcecode.swift; path = NavigationMenuViewController.swift; sourceTree = "<group>"; };
		9B3C746D1FFDA5370004A82A /* HostViewController.swift */ = {isa = PBXFileReference; fileEncoding = 4; lastKnownFileType = sourcecode.swift; path = HostViewController.swift; sourceTree = "<group>"; };
		9B3C74711FFDA9370004A82A /* Assets.xcassets */ = {isa = PBXFileReference; lastKnownFileType = folder.assetcatalog; path = Assets.xcassets; sourceTree = "<group>"; };
		9B3C74731FFDA9BD0004A82A /* TabBarViewController.swift */ = {isa = PBXFileReference; fileEncoding = 4; lastKnownFileType = sourcecode.swift; path = TabBarViewController.swift; sourceTree = "<group>"; };
		9B3C74741FFDA9BD0004A82A /* KittyViewController.swift */ = {isa = PBXFileReference; fileEncoding = 4; lastKnownFileType = sourcecode.swift; path = KittyViewController.swift; sourceTree = "<group>"; };
		9B3C747B20004C0C0004A82A /* ViewHeader.swift */ = {isa = PBXFileReference; lastKnownFileType = sourcecode.swift; path = ViewHeader.swift; sourceTree = "<group>"; };
		9B3C747D20004C2B0004A82A /* ViewHeader.xib */ = {isa = PBXFileReference; lastKnownFileType = file.xib; path = ViewHeader.xib; sourceTree = "<group>"; };
		9B3D870D2005F53D00599D92 /* SponsorDetailsViewController.swift */ = {isa = PBXFileReference; fileEncoding = 4; lastKnownFileType = sourcecode.swift; path = SponsorDetailsViewController.swift; sourceTree = "<group>"; };
		9B3D870F2006CEF000599D92 /* SessionTableViewCell.swift */ = {isa = PBXFileReference; lastKnownFileType = sourcecode.swift; path = SessionTableViewCell.swift; sourceTree = "<group>"; };
		9B3D87102006CEF000599D92 /* SessionTableViewCell.xib */ = {isa = PBXFileReference; lastKnownFileType = file.xib; path = SessionTableViewCell.xib; sourceTree = "<group>"; };
		9B3D87132006E70B00599D92 /* AgendaViewController.swift */ = {isa = PBXFileReference; lastKnownFileType = sourcecode.swift; path = AgendaViewController.swift; sourceTree = "<group>"; };
		9B88BFD2204F99C10067BFF6 /* OneSignalNotificationServiceExtension.appex */ = {isa = PBXFileReference; explicitFileType = "wrapper.app-extension"; includeInIndex = 0; path = OneSignalNotificationServiceExtension.appex; sourceTree = BUILT_PRODUCTS_DIR; };
		9B88BFD4204F99C10067BFF6 /* NotificationService.swift */ = {isa = PBXFileReference; lastKnownFileType = sourcecode.swift; path = NotificationService.swift; sourceTree = "<group>"; };
		9B88BFD6204F99C20067BFF6 /* Info.plist */ = {isa = PBXFileReference; lastKnownFileType = text.plist.xml; path = Info.plist; sourceTree = "<group>"; };
		9BB0C92A2031304300B4C87E /* Cohort.swift */ = {isa = PBXFileReference; lastKnownFileType = sourcecode.swift; name = Cohort.swift; path = "AAC Events/Models/Cohort.swift"; sourceTree = SOURCE_ROOT; };
		9BB0C92C203375C600B4C87E /* CohortTableViewCell.swift */ = {isa = PBXFileReference; lastKnownFileType = sourcecode.swift; path = CohortTableViewCell.swift; sourceTree = "<group>"; };
		9BD4A43D1FFC485700C20D4F /* AAC Events.app */ = {isa = PBXFileReference; explicitFileType = wrapper.application; includeInIndex = 0; path = "AAC Events.app"; sourceTree = BUILT_PRODUCTS_DIR; };
		9BD4A4401FFC485700C20D4F /* AppDelegate.swift */ = {isa = PBXFileReference; lastKnownFileType = sourcecode.swift; path = AppDelegate.swift; sourceTree = "<group>"; };
		9BD4A4421FFC485700C20D4F /* ViewController.swift */ = {isa = PBXFileReference; lastKnownFileType = sourcecode.swift; path = ViewController.swift; sourceTree = "<group>"; };
		9BD4A4451FFC485700C20D4F /* Base */ = {isa = PBXFileReference; lastKnownFileType = file.storyboard; name = Base; path = Base.lproj/Login.storyboard; sourceTree = "<group>"; };
		9BD4A4481FFC485700C20D4F /* AAC_Events.xcdatamodel */ = {isa = PBXFileReference; lastKnownFileType = wrapper.xcdatamodel; path = AAC_Events.xcdatamodel; sourceTree = "<group>"; };
		9BD4A44D1FFC485700C20D4F /* Base */ = {isa = PBXFileReference; lastKnownFileType = file.storyboard; name = Base; path = Base.lproj/LaunchScreen.storyboard; sourceTree = "<group>"; };
		9BD4A44F1FFC485700C20D4F /* Info.plist */ = {isa = PBXFileReference; lastKnownFileType = text.plist.xml; path = Info.plist; sourceTree = "<group>"; };
		9BD4A4541FFC485700C20D4F /* AAC EventsTests.xctest */ = {isa = PBXFileReference; explicitFileType = wrapper.cfbundle; includeInIndex = 0; path = "AAC EventsTests.xctest"; sourceTree = BUILT_PRODUCTS_DIR; };
		9BD4A4581FFC485700C20D4F /* AAC_EventsTests.swift */ = {isa = PBXFileReference; lastKnownFileType = sourcecode.swift; path = AAC_EventsTests.swift; sourceTree = "<group>"; };
		9BD4A45A1FFC485700C20D4F /* Info.plist */ = {isa = PBXFileReference; lastKnownFileType = text.plist.xml; path = Info.plist; sourceTree = "<group>"; };
		9BD4A45F1FFC485700C20D4F /* AAC EventsUITests.xctest */ = {isa = PBXFileReference; explicitFileType = wrapper.cfbundle; includeInIndex = 0; path = "AAC EventsUITests.xctest"; sourceTree = BUILT_PRODUCTS_DIR; };
		9BD4A4631FFC485700C20D4F /* AAC_EventsUITests.swift */ = {isa = PBXFileReference; lastKnownFileType = sourcecode.swift; path = AAC_EventsUITests.swift; sourceTree = "<group>"; };
		9BD4A4651FFC485700C20D4F /* Info.plist */ = {isa = PBXFileReference; lastKnownFileType = text.plist.xml; path = Info.plist; sourceTree = "<group>"; };
		9BDC06C520072EE300F825E4 /* SponsorViewController.swift */ = {isa = PBXFileReference; fileEncoding = 4; lastKnownFileType = sourcecode.swift; path = SponsorViewController.swift; sourceTree = "<group>"; };
		9BDC06C7200825D400F825E4 /* NormsViewController.swift */ = {isa = PBXFileReference; fileEncoding = 4; lastKnownFileType = sourcecode.swift; path = NormsViewController.swift; sourceTree = "<group>"; };
		9BDC06D0200839F400F825E4 /* PeopleList.swift */ = {isa = PBXFileReference; fileEncoding = 4; lastKnownFileType = sourcecode.swift; name = PeopleList.swift; path = "AAC Events/Models/PeopleList.swift"; sourceTree = SOURCE_ROOT; };
		9BDC06D2200839F500F825E4 /* Session.swift */ = {isa = PBXFileReference; fileEncoding = 4; lastKnownFileType = sourcecode.swift; name = Session.swift; path = "AAC Events/Models/Session.swift"; sourceTree = SOURCE_ROOT; };
		9BF38A562004462B0078FC59 /* CohortsViewController.swift */ = {isa = PBXFileReference; lastKnownFileType = sourcecode.swift; path = CohortsViewController.swift; sourceTree = "<group>"; };
		AB63B53C8A5E7DCAA89EB6FA /* Pods-AAC Events-OneSignalNotificationServiceExtension.debug.xcconfig */ = {isa = PBXFileReference; includeInIndex = 1; lastKnownFileType = text.xcconfig; name = "Pods-AAC Events-OneSignalNotificationServiceExtension.debug.xcconfig"; path = "Pods/Target Support Files/Pods-AAC Events-OneSignalNotificationServiceExtension/Pods-AAC Events-OneSignalNotificationServiceExtension.debug.xcconfig"; sourceTree = "<group>"; };
		B6BBC21432224A87F6203788 /* Pods-AAC Events-OneSignalNotificationServiceExtension.release.xcconfig */ = {isa = PBXFileReference; includeInIndex = 1; lastKnownFileType = text.xcconfig; name = "Pods-AAC Events-OneSignalNotificationServiceExtension.release.xcconfig"; path = "Pods/Target Support Files/Pods-AAC Events-OneSignalNotificationServiceExtension/Pods-AAC Events-OneSignalNotificationServiceExtension.release.xcconfig"; sourceTree = "<group>"; };
		BDE586E2205A17FE005702C9 /* ImageLabelTableViewCell.swift */ = {isa = PBXFileReference; lastKnownFileType = sourcecode.swift; path = ImageLabelTableViewCell.swift; sourceTree = "<group>"; };
		BDE586E3205A17FE005702C9 /* ImageLabelTableViewCell.xib */ = {isa = PBXFileReference; lastKnownFileType = file.xib; path = ImageLabelTableViewCell.xib; sourceTree = "<group>"; };
		C4D2BBC311FDAA57CD82B4BA /* Pods-AAC Events.release.xcconfig */ = {isa = PBXFileReference; includeInIndex = 1; lastKnownFileType = text.xcconfig; name = "Pods-AAC Events.release.xcconfig"; path = "Pods/Target Support Files/Pods-AAC Events/Pods-AAC Events.release.xcconfig"; sourceTree = "<group>"; };
		E04F978DC78777E57C91B4E9 /* Pods-AAC EventsUITests.debug.xcconfig */ = {isa = PBXFileReference; includeInIndex = 1; lastKnownFileType = text.xcconfig; name = "Pods-AAC EventsUITests.debug.xcconfig"; path = "Pods/Target Support Files/Pods-AAC EventsUITests/Pods-AAC EventsUITests.debug.xcconfig"; sourceTree = "<group>"; };
		ED42D10E5350A7ED22D9D288 /* Pods_AAC_EventsTests.framework */ = {isa = PBXFileReference; explicitFileType = wrapper.framework; includeInIndex = 0; path = Pods_AAC_EventsTests.framework; sourceTree = BUILT_PRODUCTS_DIR; };
/* End PBXFileReference section */

/* Begin PBXFrameworksBuildPhase section */
		9B88BFCF204F99C10067BFF6 /* Frameworks */ = {
			isa = PBXFrameworksBuildPhase;
			buildActionMask = 2147483647;
			files = (
				6A3A3E318EA14BCF6044C54E /* Pods_AAC_Events_OneSignalNotificationServiceExtension.framework in Frameworks */,
			);
			runOnlyForDeploymentPostprocessing = 0;
		};
		9BD4A43A1FFC485700C20D4F /* Frameworks */ = {
			isa = PBXFrameworksBuildPhase;
			buildActionMask = 2147483647;
			files = (
				7D591DB4F387EDA40D8E396E /* Pods_AAC_Events.framework in Frameworks */,
			);
			runOnlyForDeploymentPostprocessing = 0;
		};
		9BD4A4511FFC485700C20D4F /* Frameworks */ = {
			isa = PBXFrameworksBuildPhase;
			buildActionMask = 2147483647;
			files = (
				27B24E57E4795EB895398D71 /* Pods_AAC_EventsTests.framework in Frameworks */,
			);
			runOnlyForDeploymentPostprocessing = 0;
		};
		9BD4A45C1FFC485700C20D4F /* Frameworks */ = {
			isa = PBXFrameworksBuildPhase;
			buildActionMask = 2147483647;
			files = (
				8AB6EB29DCA451E8FB717EBC /* Pods_AAC_EventsUITests.framework in Frameworks */,
			);
			runOnlyForDeploymentPostprocessing = 0;
		};
/* End PBXFrameworksBuildPhase section */

/* Begin PBXGroup section */
		99CF9631EF868270ADCA66F5 /* Pods */ = {
			isa = PBXGroup;
			children = (
				4E4DC0CA551E8CAF173BB0F6 /* Pods-AAC Events.debug.xcconfig */,
				C4D2BBC311FDAA57CD82B4BA /* Pods-AAC Events.release.xcconfig */,
				98C5C5F96D2D6F7313CD9A7A /* Pods-AAC EventsTests.debug.xcconfig */,
				406C4D7011B0DC5372B93604 /* Pods-AAC EventsTests.release.xcconfig */,
				E04F978DC78777E57C91B4E9 /* Pods-AAC EventsUITests.debug.xcconfig */,
				85731998ADBEDC9ECBB94EE9 /* Pods-AAC EventsUITests.release.xcconfig */,
				AB63B53C8A5E7DCAA89EB6FA /* Pods-AAC Events-OneSignalNotificationServiceExtension.debug.xcconfig */,
				B6BBC21432224A87F6203788 /* Pods-AAC Events-OneSignalNotificationServiceExtension.release.xcconfig */,
			);
			name = Pods;
			sourceTree = "<group>";
		};
		9B88BFD3204F99C10067BFF6 /* OneSignalNotificationServiceExtension */ = {
			isa = PBXGroup;
			children = (
				9B88BFD4204F99C10067BFF6 /* NotificationService.swift */,
				9B88BFD6204F99C20067BFF6 /* Info.plist */,
			);
			path = OneSignalNotificationServiceExtension;
			sourceTree = "<group>";
		};
		9BD4A4341FFC485700C20D4F = {
			isa = PBXGroup;
			children = (
				9BD4A43F1FFC485700C20D4F /* AAC Events */,
				9BD4A4571FFC485700C20D4F /* AAC EventsTests */,
				9BD4A4621FFC485700C20D4F /* AAC EventsUITests */,
				9B88BFD3204F99C10067BFF6 /* OneSignalNotificationServiceExtension */,
				9BD4A43E1FFC485700C20D4F /* Products */,
				99CF9631EF868270ADCA66F5 /* Pods */,
				D9A7F341160EF7B3F43B3FAD /* Frameworks */,
			);
			sourceTree = "<group>";
		};
		9BD4A43E1FFC485700C20D4F /* Products */ = {
			isa = PBXGroup;
			children = (
				9BD4A43D1FFC485700C20D4F /* AAC Events.app */,
				9BD4A4541FFC485700C20D4F /* AAC EventsTests.xctest */,
				9BD4A45F1FFC485700C20D4F /* AAC EventsUITests.xctest */,
				9B88BFD2204F99C10067BFF6 /* OneSignalNotificationServiceExtension.appex */,
			);
			name = Products;
			sourceTree = "<group>";
		};
		9BD4A43F1FFC485700C20D4F /* AAC Events */ = {
			isa = PBXGroup;
			children = (
				9BD4A4401FFC485700C20D4F /* AppDelegate.swift */,
				9BD4A44C1FFC485700C20D4F /* LaunchScreen.storyboard */,
				9BD4A44F1FFC485700C20D4F /* Info.plist */,
				9B354D8020491089005E2A04 /* AAC Events.entitlements */,
				BD565CA1245C9DBE00FB028D /* Resources */,
				BD565CA2245C9DE700FB028D /* Login */,
				BD565CA3245C9E5500FB028D /* Main View Controllers */,
				BD565CA4245C9EC100FB028D /* Suplemental VCs */,
				BD565CA6245C9F0900FB028D /* Reusable Views */,
				9BDC06CF200839BE00F825E4 /* Models */,
			);
			path = "AAC Events";
			sourceTree = "<group>";
		};
		9BD4A4571FFC485700C20D4F /* AAC EventsTests */ = {
			isa = PBXGroup;
			children = (
				9BD4A4581FFC485700C20D4F /* AAC_EventsTests.swift */,
				9BD4A45A1FFC485700C20D4F /* Info.plist */,
			);
			path = "AAC EventsTests";
			sourceTree = "<group>";
		};
		9BD4A4621FFC485700C20D4F /* AAC EventsUITests */ = {
			isa = PBXGroup;
			children = (
				9BD4A4631FFC485700C20D4F /* AAC_EventsUITests.swift */,
				9BD4A4651FFC485700C20D4F /* Info.plist */,
			);
			path = "AAC EventsUITests";
			sourceTree = "<group>";
		};
		9BDC06CF200839BE00F825E4 /* Models */ = {
			isa = PBXGroup;
			children = (
				9BDC06D0200839F400F825E4 /* PeopleList.swift */,
				9B354D7E204241AA005E2A04 /* Sponsors.swift */,
				9BDC06D2200839F500F825E4 /* Session.swift */,
				9BB0C92A2031304300B4C87E /* Cohort.swift */,
			);
			name = Models;
			path = "New Group";
			sourceTree = "<group>";
		};
		BD565CA1245C9DBE00FB028D /* Resources */ = {
			isa = PBXGroup;
			children = (
				9B3C746A1FFDA5180004A82A /* Main.storyboard */,
				9B3C74711FFDA9370004A82A /* Assets.xcassets */,
				9B346A7B202BE660004263CF /* API.swift */,
				9BD4A4471FFC485700C20D4F /* AAC_Events.xcdatamodeld */,
			);
			path = Resources;
			sourceTree = "<group>";
		};
		BD565CA2245C9DE700FB028D /* Login */ = {
			isa = PBXGroup;
			children = (
				9BD4A4421FFC485700C20D4F /* ViewController.swift */,
				9BD4A4441FFC485700C20D4F /* Login.storyboard */,
			);
			path = Login;
			sourceTree = "<group>";
		};
		BD565CA3245C9E5500FB028D /* Main View Controllers */ = {
			isa = PBXGroup;
			children = (
				738B8A7C205F3C9500BFD6BB /* AACareViewController.swift */,
				73F399392296C4E900A9EBDB /* InformationViewController.swift */,
				738069EF2059DE9800F4BB6E /* CreditsViewController.swift */,
				73C77D1B204802BE00800F7F /* ConferenceEvaluationViewController.swift */,
				73C77D192047F0E500800F7F /* InitiativeDetailsViewController.swift */,
				7352BFF92045525500301FB0 /* InitiativesViewController.swift */,
				735CF55F20358D6F0032D670 /* CommitteeMemberViewController.swift */,
				737CEB0020342B2000A8F7A9 /* CommitteeViewController.swift */,
				737CEAFE203421C400A8F7A9 /* FAQViewController.swift */,
				733D885420316D16008F1255 /* DonateViewController.swift */,
				733D885220312ECB008F1255 /* AboutViewController.swift */,
				9B3D87132006E70B00599D92 /* AgendaViewController.swift */,
				9B346A75202930DF004263CF /* MyScheduleViewController.swift */,
				9BDC06C7200825D400F825E4 /* NormsViewController.swift */,
				9B346A77202A8BBE004263CF /* SpeakersViewController.swift */,
				BD565CAA245C9FBA00FB028D /* Attendees */,
				BD565CA9245C9FA700FB028D /* Person */,
				BD565CA8245C9F7600FB028D /* Session */,
				BD565CA7245C9F1E00FB028D /* Sponsors */,
				BD565CA5245C9EFB00FB028D /* Cohorts */,
			);
			path = "Main View Controllers";
			sourceTree = "<group>";
		};
		BD565CA4245C9EC100FB028D /* Suplemental VCs */ = {
			isa = PBXGroup;
			children = (
				9B3C746D1FFDA5370004A82A /* HostViewController.swift */,
				9B3C746C1FFDA5370004A82A /* NavigationMenuViewController.swift */,
				9B3C74741FFDA9BD0004A82A /* KittyViewController.swift */,
				9B3C74731FFDA9BD0004A82A /* TabBarViewController.swift */,
			);
			path = "Suplemental VCs";
			sourceTree = "<group>";
		};
		BD565CA5245C9EFB00FB028D /* Cohorts */ = {
			isa = PBXGroup;
			children = (
				9BF38A562004462B0078FC59 /* CohortsViewController.swift */,
				9BB0C92C203375C600B4C87E /* CohortTableViewCell.swift */,
			);
			path = Cohorts;
			sourceTree = "<group>";
		};
		BD565CA6245C9F0900FB028D /* Reusable Views */ = {
			isa = PBXGroup;
			children = (
				BDE586E2205A17FE005702C9 /* ImageLabelTableViewCell.swift */,
				BDE586E3205A17FE005702C9 /* ImageLabelTableViewCell.xib */,
				9B3C747B20004C0C0004A82A /* ViewHeader.swift */,
				9B3C747D20004C2B0004A82A /* ViewHeader.xib */,
			);
			path = "Reusable Views";
			sourceTree = "<group>";
		};
		BD565CA7245C9F1E00FB028D /* Sponsors */ = {
			isa = PBXGroup;
			children = (
				9BDC06C520072EE300F825E4 /* SponsorViewController.swift */,
				9B3D870D2005F53D00599D92 /* SponsorDetailsViewController.swift */,
			);
			path = Sponsors;
			sourceTree = "<group>";
		};
		BD565CA8245C9F7600FB028D /* Session */ = {
			isa = PBXGroup;
			children = (
				9B03293F201ACF9800B94A74 /* SessionDetailsViewController.swift */,
				9B3D870F2006CEF000599D92 /* SessionTableViewCell.swift */,
				9B3D87102006CEF000599D92 /* SessionTableViewCell.xib */,
			);
			path = Session;
			sourceTree = "<group>";
		};
		BD565CA9245C9FA700FB028D /* Person */ = {
			isa = PBXGroup;
			children = (
				9B354D7C2034F10C005E2A04 /* PersonTableViewCell.swift */,
				9B346A79202A979E004263CF /* PersonDetailsViewController.swift */,
			);
			path = Person;
			sourceTree = "<group>";
		};
		BD565CAA245C9FBA00FB028D /* Attendees */ = {
			isa = PBXGroup;
			children = (
				9B346A7D202BE869004263CF /* AttendeesViewController.swift */,
				9B346A7F202BEE3C004263CF /* AttendeeTableViewCell.swift */,
			);
			path = Attendees;
			sourceTree = "<group>";
		};
		D9A7F341160EF7B3F43B3FAD /* Frameworks */ = {
			isa = PBXGroup;
			children = (
				48A26C403FA682AF4768BF86 /* Pods_AAC_Events.framework */,
				ED42D10E5350A7ED22D9D288 /* Pods_AAC_EventsTests.framework */,
				73703A89AB3B6CA9F12E142A /* Pods_AAC_EventsUITests.framework */,
				275D3F33A337AC98004C5147 /* Pods_AAC_Events_OneSignalNotificationServiceExtension.framework */,
			);
			name = Frameworks;
			sourceTree = "<group>";
		};
/* End PBXGroup section */

/* Begin PBXNativeTarget section */
		9B88BFD1204F99C10067BFF6 /* OneSignalNotificationServiceExtension */ = {
			isa = PBXNativeTarget;
			buildConfigurationList = 9B88BFDC204F99C20067BFF6 /* Build configuration list for PBXNativeTarget "OneSignalNotificationServiceExtension" */;
			buildPhases = (
				C756E9C5823FD614B90C242E /* [CP] Check Pods Manifest.lock */,
				9B88BFCE204F99C10067BFF6 /* Sources */,
				9B88BFCF204F99C10067BFF6 /* Frameworks */,
				9B88BFD0204F99C10067BFF6 /* Resources */,
			);
			buildRules = (
			);
			dependencies = (
			);
			name = OneSignalNotificationServiceExtension;
			productName = OneSignalNotificationServiceExtension;
			productReference = 9B88BFD2204F99C10067BFF6 /* OneSignalNotificationServiceExtension.appex */;
			productType = "com.apple.product-type.app-extension";
		};
		9BD4A43C1FFC485700C20D4F /* AAC Events */ = {
			isa = PBXNativeTarget;
			buildConfigurationList = 9BD4A4681FFC485700C20D4F /* Build configuration list for PBXNativeTarget "AAC Events" */;
			buildPhases = (
				1C80E37EB4E20EE8831AD84F /* [CP] Check Pods Manifest.lock */,
				9BD4A4391FFC485700C20D4F /* Sources */,
				9BD4A43A1FFC485700C20D4F /* Frameworks */,
				9BD4A43B1FFC485700C20D4F /* Resources */,
				7E66DAF808EE5A3DEA6A80E0 /* [CP] Embed Pods Frameworks */,
				9B88BFDD204F99C20067BFF6 /* Embed App Extensions */,
			);
			buildRules = (
			);
			dependencies = (
				9B88BFD8204F99C20067BFF6 /* PBXTargetDependency */,
			);
			name = "AAC Events";
			productName = "AAC Events";
			productReference = 9BD4A43D1FFC485700C20D4F /* AAC Events.app */;
			productType = "com.apple.product-type.application";
		};
		9BD4A4531FFC485700C20D4F /* AAC EventsTests */ = {
			isa = PBXNativeTarget;
			buildConfigurationList = 9BD4A46B1FFC485700C20D4F /* Build configuration list for PBXNativeTarget "AAC EventsTests" */;
			buildPhases = (
				83364E62BEDF799B63632A2A /* [CP] Check Pods Manifest.lock */,
				9BD4A4501FFC485700C20D4F /* Sources */,
				9BD4A4511FFC485700C20D4F /* Frameworks */,
				9BD4A4521FFC485700C20D4F /* Resources */,
			);
			buildRules = (
			);
			dependencies = (
				9BD4A4561FFC485700C20D4F /* PBXTargetDependency */,
			);
			name = "AAC EventsTests";
			productName = "AAC EventsTests";
			productReference = 9BD4A4541FFC485700C20D4F /* AAC EventsTests.xctest */;
			productType = "com.apple.product-type.bundle.unit-test";
		};
		9BD4A45E1FFC485700C20D4F /* AAC EventsUITests */ = {
			isa = PBXNativeTarget;
			buildConfigurationList = 9BD4A46E1FFC485700C20D4F /* Build configuration list for PBXNativeTarget "AAC EventsUITests" */;
			buildPhases = (
				C29614155DE6733B869380DE /* [CP] Check Pods Manifest.lock */,
				9BD4A45B1FFC485700C20D4F /* Sources */,
				9BD4A45C1FFC485700C20D4F /* Frameworks */,
				9BD4A45D1FFC485700C20D4F /* Resources */,
			);
			buildRules = (
			);
			dependencies = (
				9BD4A4611FFC485700C20D4F /* PBXTargetDependency */,
			);
			name = "AAC EventsUITests";
			productName = "AAC EventsUITests";
			productReference = 9BD4A45F1FFC485700C20D4F /* AAC EventsUITests.xctest */;
			productType = "com.apple.product-type.bundle.ui-testing";
		};
/* End PBXNativeTarget section */

/* Begin PBXProject section */
		9BD4A4351FFC485700C20D4F /* Project object */ = {
			isa = PBXProject;
			attributes = {
				LastSwiftUpdateCheck = 0920;
				LastUpgradeCheck = 0920;
				ORGANIZATIONNAME = "Afghan American Conference";
				TargetAttributes = {
					9B88BFD1204F99C10067BFF6 = {
						CreatedOnToolsVersion = 9.2;
						ProvisioningStyle = Automatic;
					};
					9BD4A43C1FFC485700C20D4F = {
						CreatedOnToolsVersion = 9.2;
						ProvisioningStyle = Automatic;
						SystemCapabilities = {
							com.apple.BackgroundModes = {
								enabled = 1;
							};
							com.apple.Push = {
								enabled = 1;
							};
						};
					};
					9BD4A4531FFC485700C20D4F = {
						CreatedOnToolsVersion = 9.2;
						ProvisioningStyle = Automatic;
						TestTargetID = 9BD4A43C1FFC485700C20D4F;
					};
					9BD4A45E1FFC485700C20D4F = {
						CreatedOnToolsVersion = 9.2;
						ProvisioningStyle = Automatic;
						TestTargetID = 9BD4A43C1FFC485700C20D4F;
					};
				};
			};
			buildConfigurationList = 9BD4A4381FFC485700C20D4F /* Build configuration list for PBXProject "AAC Events" */;
			compatibilityVersion = "Xcode 8.0";
			developmentRegion = en;
			hasScannedForEncodings = 0;
			knownRegions = (
				en,
				Base,
			);
			mainGroup = 9BD4A4341FFC485700C20D4F;
			productRefGroup = 9BD4A43E1FFC485700C20D4F /* Products */;
			projectDirPath = "";
			projectRoot = "";
			targets = (
				9BD4A43C1FFC485700C20D4F /* AAC Events */,
				9BD4A4531FFC485700C20D4F /* AAC EventsTests */,
				9BD4A45E1FFC485700C20D4F /* AAC EventsUITests */,
				9B88BFD1204F99C10067BFF6 /* OneSignalNotificationServiceExtension */,
			);
		};
/* End PBXProject section */

/* Begin PBXResourcesBuildPhase section */
		9B88BFD0204F99C10067BFF6 /* Resources */ = {
			isa = PBXResourcesBuildPhase;
			buildActionMask = 2147483647;
			files = (
			);
			runOnlyForDeploymentPostprocessing = 0;
		};
		9BD4A43B1FFC485700C20D4F /* Resources */ = {
			isa = PBXResourcesBuildPhase;
			buildActionMask = 2147483647;
			files = (
				9BD4A44E1FFC485700C20D4F /* LaunchScreen.storyboard in Resources */,
				9B3C747E20004C2B0004A82A /* ViewHeader.xib in Resources */,
				9B3D87122006CEF000599D92 /* SessionTableViewCell.xib in Resources */,
				BDE586E5205A17FE005702C9 /* ImageLabelTableViewCell.xib in Resources */,
				9BD4A4461FFC485700C20D4F /* Login.storyboard in Resources */,
				9B3C74721FFDA9380004A82A /* Assets.xcassets in Resources */,
				9B3C746B1FFDA5180004A82A /* Main.storyboard in Resources */,
			);
			runOnlyForDeploymentPostprocessing = 0;
		};
		9BD4A4521FFC485700C20D4F /* Resources */ = {
			isa = PBXResourcesBuildPhase;
			buildActionMask = 2147483647;
			files = (
			);
			runOnlyForDeploymentPostprocessing = 0;
		};
		9BD4A45D1FFC485700C20D4F /* Resources */ = {
			isa = PBXResourcesBuildPhase;
			buildActionMask = 2147483647;
			files = (
			);
			runOnlyForDeploymentPostprocessing = 0;
		};
/* End PBXResourcesBuildPhase section */

/* Begin PBXShellScriptBuildPhase section */
		1C80E37EB4E20EE8831AD84F /* [CP] Check Pods Manifest.lock */ = {
			isa = PBXShellScriptBuildPhase;
			buildActionMask = 2147483647;
			files = (
			);
			inputPaths = (
				"${PODS_PODFILE_DIR_PATH}/Podfile.lock",
				"${PODS_ROOT}/Manifest.lock",
			);
			name = "[CP] Check Pods Manifest.lock";
			outputPaths = (
				"$(DERIVED_FILE_DIR)/Pods-AAC Events-checkManifestLockResult.txt",
			);
			runOnlyForDeploymentPostprocessing = 0;
			shellPath = /bin/sh;
			shellScript = "diff \"${PODS_PODFILE_DIR_PATH}/Podfile.lock\" \"${PODS_ROOT}/Manifest.lock\" > /dev/null\nif [ $? != 0 ] ; then\n    # print error to STDERR\n    echo \"error: The sandbox is not in sync with the Podfile.lock. Run 'pod install' or update your CocoaPods installation.\" >&2\n    exit 1\nfi\n# This output is used by Xcode 'outputs' to avoid re-running this script phase.\necho \"SUCCESS\" > \"${SCRIPT_OUTPUT_FILE_0}\"\n";
			showEnvVarsInLog = 0;
		};
		7E66DAF808EE5A3DEA6A80E0 /* [CP] Embed Pods Frameworks */ = {
			isa = PBXShellScriptBuildPhase;
			buildActionMask = 2147483647;
			files = (
			);
			inputPaths = (
				"${PODS_ROOT}/Target Support Files/Pods-AAC Events/Pods-AAC Events-frameworks.sh",
				"${BUILT_PRODUCTS_DIR}/InteractiveSideMenu/InteractiveSideMenu.framework",
				"${BUILT_PRODUCTS_DIR}/SDWebImage/SDWebImage.framework",
			);
			name = "[CP] Embed Pods Frameworks";
			outputPaths = (
				"${TARGET_BUILD_DIR}/${FRAMEWORKS_FOLDER_PATH}/InteractiveSideMenu.framework",
				"${TARGET_BUILD_DIR}/${FRAMEWORKS_FOLDER_PATH}/SDWebImage.framework",
			);
			runOnlyForDeploymentPostprocessing = 0;
			shellPath = /bin/sh;
			shellScript = "\"${PODS_ROOT}/Target Support Files/Pods-AAC Events/Pods-AAC Events-frameworks.sh\"\n";
			showEnvVarsInLog = 0;
		};
		83364E62BEDF799B63632A2A /* [CP] Check Pods Manifest.lock */ = {
			isa = PBXShellScriptBuildPhase;
			buildActionMask = 2147483647;
			files = (
			);
			inputPaths = (
				"${PODS_PODFILE_DIR_PATH}/Podfile.lock",
				"${PODS_ROOT}/Manifest.lock",
			);
			name = "[CP] Check Pods Manifest.lock";
			outputPaths = (
				"$(DERIVED_FILE_DIR)/Pods-AAC EventsTests-checkManifestLockResult.txt",
			);
			runOnlyForDeploymentPostprocessing = 0;
			shellPath = /bin/sh;
			shellScript = "diff \"${PODS_PODFILE_DIR_PATH}/Podfile.lock\" \"${PODS_ROOT}/Manifest.lock\" > /dev/null\nif [ $? != 0 ] ; then\n    # print error to STDERR\n    echo \"error: The sandbox is not in sync with the Podfile.lock. Run 'pod install' or update your CocoaPods installation.\" >&2\n    exit 1\nfi\n# This output is used by Xcode 'outputs' to avoid re-running this script phase.\necho \"SUCCESS\" > \"${SCRIPT_OUTPUT_FILE_0}\"\n";
			showEnvVarsInLog = 0;
		};
		C29614155DE6733B869380DE /* [CP] Check Pods Manifest.lock */ = {
			isa = PBXShellScriptBuildPhase;
			buildActionMask = 2147483647;
			files = (
			);
			inputPaths = (
				"${PODS_PODFILE_DIR_PATH}/Podfile.lock",
				"${PODS_ROOT}/Manifest.lock",
			);
			name = "[CP] Check Pods Manifest.lock";
			outputPaths = (
				"$(DERIVED_FILE_DIR)/Pods-AAC EventsUITests-checkManifestLockResult.txt",
			);
			runOnlyForDeploymentPostprocessing = 0;
			shellPath = /bin/sh;
			shellScript = "diff \"${PODS_PODFILE_DIR_PATH}/Podfile.lock\" \"${PODS_ROOT}/Manifest.lock\" > /dev/null\nif [ $? != 0 ] ; then\n    # print error to STDERR\n    echo \"error: The sandbox is not in sync with the Podfile.lock. Run 'pod install' or update your CocoaPods installation.\" >&2\n    exit 1\nfi\n# This output is used by Xcode 'outputs' to avoid re-running this script phase.\necho \"SUCCESS\" > \"${SCRIPT_OUTPUT_FILE_0}\"\n";
			showEnvVarsInLog = 0;
		};
		C756E9C5823FD614B90C242E /* [CP] Check Pods Manifest.lock */ = {
			isa = PBXShellScriptBuildPhase;
			buildActionMask = 2147483647;
			files = (
			);
			inputPaths = (
				"${PODS_PODFILE_DIR_PATH}/Podfile.lock",
				"${PODS_ROOT}/Manifest.lock",
			);
			name = "[CP] Check Pods Manifest.lock";
			outputPaths = (
				"$(DERIVED_FILE_DIR)/Pods-AAC Events-OneSignalNotificationServiceExtension-checkManifestLockResult.txt",
			);
			runOnlyForDeploymentPostprocessing = 0;
			shellPath = /bin/sh;
			shellScript = "diff \"${PODS_PODFILE_DIR_PATH}/Podfile.lock\" \"${PODS_ROOT}/Manifest.lock\" > /dev/null\nif [ $? != 0 ] ; then\n    # print error to STDERR\n    echo \"error: The sandbox is not in sync with the Podfile.lock. Run 'pod install' or update your CocoaPods installation.\" >&2\n    exit 1\nfi\n# This output is used by Xcode 'outputs' to avoid re-running this script phase.\necho \"SUCCESS\" > \"${SCRIPT_OUTPUT_FILE_0}\"\n";
			showEnvVarsInLog = 0;
		};
/* End PBXShellScriptBuildPhase section */

/* Begin PBXSourcesBuildPhase section */
		9B88BFCE204F99C10067BFF6 /* Sources */ = {
			isa = PBXSourcesBuildPhase;
			buildActionMask = 2147483647;
			files = (
				9B88BFD5204F99C10067BFF6 /* NotificationService.swift in Sources */,
			);
			runOnlyForDeploymentPostprocessing = 0;
		};
		9BD4A4391FFC485700C20D4F /* Sources */ = {
			isa = PBXSourcesBuildPhase;
			buildActionMask = 2147483647;
			files = (
				9B346A7C202BE660004263CF /* API.swift in Sources */,
				9B354D7D2034F10C005E2A04 /* PersonTableViewCell.swift in Sources */,
				9BDC06D5200839F500F825E4 /* Session.swift in Sources */,
				9B354D7F204241AA005E2A04 /* Sponsors.swift in Sources */,
				9BD4A4431FFC485700C20D4F /* ViewController.swift in Sources */,
				9B346A80202BEE3C004263CF /* AttendeeTableViewCell.swift in Sources */,
				737CEB0120342B2000A8F7A9 /* CommitteeViewController.swift in Sources */,
				9B3C746F1FFDA5370004A82A /* HostViewController.swift in Sources */,
				733D885520316D16008F1255 /* DonateViewController.swift in Sources */,
				9B346A7E202BE869004263CF /* AttendeesViewController.swift in Sources */,
				9BDC06C8200825D500F825E4 /* NormsViewController.swift in Sources */,
				9B032940201ACF9900B94A74 /* SessionDetailsViewController.swift in Sources */,
				737CEAFF203421C400A8F7A9 /* FAQViewController.swift in Sources */,
				9B3C746E1FFDA5370004A82A /* NavigationMenuViewController.swift in Sources */,
				9B3C74761FFDA9BD0004A82A /* KittyViewController.swift in Sources */,
				BDE586E4205A17FE005702C9 /* ImageLabelTableViewCell.swift in Sources */,
				9BD4A4411FFC485700C20D4F /* AppDelegate.swift in Sources */,
				7352BFFA2045525500301FB0 /* InitiativesViewController.swift in Sources */,
				9BB0C92B2031304300B4C87E /* Cohort.swift in Sources */,
				9B346A78202A8BBF004263CF /* SpeakersViewController.swift in Sources */,
				9B3C74751FFDA9BD0004A82A /* TabBarViewController.swift in Sources */,
				9BD4A4491FFC485700C20D4F /* AAC_Events.xcdatamodeld in Sources */,
				9B346A76202930DF004263CF /* MyScheduleViewController.swift in Sources */,
				9B3D87112006CEF000599D92 /* SessionTableViewCell.swift in Sources */,
				9BDC06D3200839F500F825E4 /* PeopleList.swift in Sources */,
				738B8A7D205F3C9500BFD6BB /* AACareViewController.swift in Sources */,
				73F3993A2296C4E900A9EBDB /* InformationViewController.swift in Sources */,
				733D885320312ECB008F1255 /* AboutViewController.swift in Sources */,
				73C77D1C204802BE00800F7F /* ConferenceEvaluationViewController.swift in Sources */,
				9BDC06C620072EE300F825E4 /* SponsorViewController.swift in Sources */,
				9B3D87142006E70B00599D92 /* AgendaViewController.swift in Sources */,
				9B3C747C20004C0C0004A82A /* ViewHeader.swift in Sources */,
				73C77D1A2047F0E500800F7F /* InitiativeDetailsViewController.swift in Sources */,
				9B3D870E2005F53D00599D92 /* SponsorDetailsViewController.swift in Sources */,
				738069F02059DE9800F4BB6E /* CreditsViewController.swift in Sources */,
				735CF56020358D6F0032D670 /* CommitteeMemberViewController.swift in Sources */,
				9BF38A572004462B0078FC59 /* CohortsViewController.swift in Sources */,
				9BB0C92D203375C600B4C87E /* CohortTableViewCell.swift in Sources */,
				9B346A7A202A979E004263CF /* PersonDetailsViewController.swift in Sources */,
			);
			runOnlyForDeploymentPostprocessing = 0;
		};
		9BD4A4501FFC485700C20D4F /* Sources */ = {
			isa = PBXSourcesBuildPhase;
			buildActionMask = 2147483647;
			files = (
				9BD4A4591FFC485700C20D4F /* AAC_EventsTests.swift in Sources */,
			);
			runOnlyForDeploymentPostprocessing = 0;
		};
		9BD4A45B1FFC485700C20D4F /* Sources */ = {
			isa = PBXSourcesBuildPhase;
			buildActionMask = 2147483647;
			files = (
				9BD4A4641FFC485700C20D4F /* AAC_EventsUITests.swift in Sources */,
			);
			runOnlyForDeploymentPostprocessing = 0;
		};
/* End PBXSourcesBuildPhase section */

/* Begin PBXTargetDependency section */
		9B88BFD8204F99C20067BFF6 /* PBXTargetDependency */ = {
			isa = PBXTargetDependency;
			target = 9B88BFD1204F99C10067BFF6 /* OneSignalNotificationServiceExtension */;
			targetProxy = 9B88BFD7204F99C20067BFF6 /* PBXContainerItemProxy */;
		};
		9BD4A4561FFC485700C20D4F /* PBXTargetDependency */ = {
			isa = PBXTargetDependency;
			target = 9BD4A43C1FFC485700C20D4F /* AAC Events */;
			targetProxy = 9BD4A4551FFC485700C20D4F /* PBXContainerItemProxy */;
		};
		9BD4A4611FFC485700C20D4F /* PBXTargetDependency */ = {
			isa = PBXTargetDependency;
			target = 9BD4A43C1FFC485700C20D4F /* AAC Events */;
			targetProxy = 9BD4A4601FFC485700C20D4F /* PBXContainerItemProxy */;
		};
/* End PBXTargetDependency section */

/* Begin PBXVariantGroup section */
		9BD4A4441FFC485700C20D4F /* Login.storyboard */ = {
			isa = PBXVariantGroup;
			children = (
				9BD4A4451FFC485700C20D4F /* Base */,
			);
			name = Login.storyboard;
			sourceTree = "<group>";
		};
		9BD4A44C1FFC485700C20D4F /* LaunchScreen.storyboard */ = {
			isa = PBXVariantGroup;
			children = (
				9BD4A44D1FFC485700C20D4F /* Base */,
			);
			name = LaunchScreen.storyboard;
			sourceTree = "<group>";
		};
/* End PBXVariantGroup section */

/* Begin XCBuildConfiguration section */
		9B88BFDA204F99C20067BFF6 /* Debug */ = {
			isa = XCBuildConfiguration;
			baseConfigurationReference = AB63B53C8A5E7DCAA89EB6FA /* Pods-AAC Events-OneSignalNotificationServiceExtension.debug.xcconfig */;
			buildSettings = {
				CODE_SIGN_STYLE = Automatic;
				DEVELOPMENT_TEAM = X73E955TNB;
				INFOPLIST_FILE = OneSignalNotificationServiceExtension/Info.plist;
				LD_RUNPATH_SEARCH_PATHS = "$(inherited) @executable_path/Frameworks @executable_path/../../Frameworks";
				PRODUCT_BUNDLE_IDENTIFIER = com.aac.events.OneSignalNotificationServiceExtension;
				PRODUCT_NAME = "$(TARGET_NAME)";
				SKIP_INSTALL = YES;
				SWIFT_VERSION = 4.0;
				TARGETED_DEVICE_FAMILY = "1,2";
			};
			name = Debug;
		};
		9B88BFDB204F99C20067BFF6 /* Release */ = {
			isa = XCBuildConfiguration;
			baseConfigurationReference = B6BBC21432224A87F6203788 /* Pods-AAC Events-OneSignalNotificationServiceExtension.release.xcconfig */;
			buildSettings = {
				CODE_SIGN_STYLE = Automatic;
				DEVELOPMENT_TEAM = X73E955TNB;
				INFOPLIST_FILE = OneSignalNotificationServiceExtension/Info.plist;
				LD_RUNPATH_SEARCH_PATHS = "$(inherited) @executable_path/Frameworks @executable_path/../../Frameworks";
				PRODUCT_BUNDLE_IDENTIFIER = com.aac.events.OneSignalNotificationServiceExtension;
				PRODUCT_NAME = "$(TARGET_NAME)";
				SKIP_INSTALL = YES;
				SWIFT_VERSION = 4.0;
				TARGETED_DEVICE_FAMILY = "1,2";
			};
			name = Release;
		};
		9BD4A4661FFC485700C20D4F /* Debug */ = {
			isa = XCBuildConfiguration;
			buildSettings = {
				ALWAYS_SEARCH_USER_PATHS = NO;
				CLANG_ANALYZER_NONNULL = YES;
				CLANG_ANALYZER_NUMBER_OBJECT_CONVERSION = YES_AGGRESSIVE;
				CLANG_CXX_LANGUAGE_STANDARD = "gnu++14";
				CLANG_CXX_LIBRARY = "libc++";
				CLANG_ENABLE_MODULES = YES;
				CLANG_ENABLE_OBJC_ARC = YES;
				CLANG_WARN_BLOCK_CAPTURE_AUTORELEASING = YES;
				CLANG_WARN_BOOL_CONVERSION = YES;
				CLANG_WARN_COMMA = YES;
				CLANG_WARN_CONSTANT_CONVERSION = YES;
				CLANG_WARN_DIRECT_OBJC_ISA_USAGE = YES_ERROR;
				CLANG_WARN_DOCUMENTATION_COMMENTS = YES;
				CLANG_WARN_EMPTY_BODY = YES;
				CLANG_WARN_ENUM_CONVERSION = YES;
				CLANG_WARN_INFINITE_RECURSION = YES;
				CLANG_WARN_INT_CONVERSION = YES;
				CLANG_WARN_NON_LITERAL_NULL_CONVERSION = YES;
				CLANG_WARN_OBJC_LITERAL_CONVERSION = YES;
				CLANG_WARN_OBJC_ROOT_CLASS = YES_ERROR;
				CLANG_WARN_RANGE_LOOP_ANALYSIS = YES;
				CLANG_WARN_STRICT_PROTOTYPES = YES;
				CLANG_WARN_SUSPICIOUS_MOVE = YES;
				CLANG_WARN_UNGUARDED_AVAILABILITY = YES_AGGRESSIVE;
				CLANG_WARN_UNREACHABLE_CODE = YES;
				CLANG_WARN__DUPLICATE_METHOD_MATCH = YES;
				CODE_SIGN_IDENTITY = "iPhone Developer";
				COPY_PHASE_STRIP = NO;
				DEBUG_INFORMATION_FORMAT = dwarf;
				ENABLE_STRICT_OBJC_MSGSEND = YES;
				ENABLE_TESTABILITY = YES;
				GCC_C_LANGUAGE_STANDARD = gnu11;
				GCC_DYNAMIC_NO_PIC = NO;
				GCC_NO_COMMON_BLOCKS = YES;
				GCC_OPTIMIZATION_LEVEL = 0;
				GCC_PREPROCESSOR_DEFINITIONS = (
					"DEBUG=1",
					"$(inherited)",
				);
				GCC_WARN_64_TO_32_BIT_CONVERSION = YES;
				GCC_WARN_ABOUT_RETURN_TYPE = YES_ERROR;
				GCC_WARN_UNDECLARED_SELECTOR = YES;
				GCC_WARN_UNINITIALIZED_AUTOS = YES_AGGRESSIVE;
				GCC_WARN_UNUSED_FUNCTION = YES;
				GCC_WARN_UNUSED_VARIABLE = YES;
				IPHONEOS_DEPLOYMENT_TARGET = 11.2;
				MTL_ENABLE_DEBUG_INFO = YES;
				ONLY_ACTIVE_ARCH = YES;
				SDKROOT = iphoneos;
				SWIFT_ACTIVE_COMPILATION_CONDITIONS = DEBUG;
				SWIFT_OPTIMIZATION_LEVEL = "-Onone";
			};
			name = Debug;
		};
		9BD4A4671FFC485700C20D4F /* Release */ = {
			isa = XCBuildConfiguration;
			buildSettings = {
				ALWAYS_SEARCH_USER_PATHS = NO;
				CLANG_ANALYZER_NONNULL = YES;
				CLANG_ANALYZER_NUMBER_OBJECT_CONVERSION = YES_AGGRESSIVE;
				CLANG_CXX_LANGUAGE_STANDARD = "gnu++14";
				CLANG_CXX_LIBRARY = "libc++";
				CLANG_ENABLE_MODULES = YES;
				CLANG_ENABLE_OBJC_ARC = YES;
				CLANG_WARN_BLOCK_CAPTURE_AUTORELEASING = YES;
				CLANG_WARN_BOOL_CONVERSION = YES;
				CLANG_WARN_COMMA = YES;
				CLANG_WARN_CONSTANT_CONVERSION = YES;
				CLANG_WARN_DIRECT_OBJC_ISA_USAGE = YES_ERROR;
				CLANG_WARN_DOCUMENTATION_COMMENTS = YES;
				CLANG_WARN_EMPTY_BODY = YES;
				CLANG_WARN_ENUM_CONVERSION = YES;
				CLANG_WARN_INFINITE_RECURSION = YES;
				CLANG_WARN_INT_CONVERSION = YES;
				CLANG_WARN_NON_LITERAL_NULL_CONVERSION = YES;
				CLANG_WARN_OBJC_LITERAL_CONVERSION = YES;
				CLANG_WARN_OBJC_ROOT_CLASS = YES_ERROR;
				CLANG_WARN_RANGE_LOOP_ANALYSIS = YES;
				CLANG_WARN_STRICT_PROTOTYPES = YES;
				CLANG_WARN_SUSPICIOUS_MOVE = YES;
				CLANG_WARN_UNGUARDED_AVAILABILITY = YES_AGGRESSIVE;
				CLANG_WARN_UNREACHABLE_CODE = YES;
				CLANG_WARN__DUPLICATE_METHOD_MATCH = YES;
				CODE_SIGN_IDENTITY = "iPhone Developer";
				COPY_PHASE_STRIP = NO;
				DEBUG_INFORMATION_FORMAT = "dwarf-with-dsym";
				ENABLE_NS_ASSERTIONS = NO;
				ENABLE_STRICT_OBJC_MSGSEND = YES;
				GCC_C_LANGUAGE_STANDARD = gnu11;
				GCC_NO_COMMON_BLOCKS = YES;
				GCC_WARN_64_TO_32_BIT_CONVERSION = YES;
				GCC_WARN_ABOUT_RETURN_TYPE = YES_ERROR;
				GCC_WARN_UNDECLARED_SELECTOR = YES;
				GCC_WARN_UNINITIALIZED_AUTOS = YES_AGGRESSIVE;
				GCC_WARN_UNUSED_FUNCTION = YES;
				GCC_WARN_UNUSED_VARIABLE = YES;
				IPHONEOS_DEPLOYMENT_TARGET = 11.2;
				MTL_ENABLE_DEBUG_INFO = NO;
				SDKROOT = iphoneos;
				SWIFT_OPTIMIZATION_LEVEL = "-Owholemodule";
				VALIDATE_PRODUCT = YES;
			};
			name = Release;
		};
		9BD4A4691FFC485700C20D4F /* Debug */ = {
			isa = XCBuildConfiguration;
			baseConfigurationReference = 4E4DC0CA551E8CAF173BB0F6 /* Pods-AAC Events.debug.xcconfig */;
			buildSettings = {
				ALWAYS_EMBED_SWIFT_STANDARD_LIBRARIES = YES;
				ASSETCATALOG_COMPILER_APPICON_NAME = AppIcon;
				CODE_SIGN_ENTITLEMENTS = "AAC Events/AAC Events.entitlements";
				CODE_SIGN_STYLE = Automatic;
				DEVELOPMENT_TEAM = "";
				INFOPLIST_FILE = "AAC Events/Info.plist";
				LD_RUNPATH_SEARCH_PATHS = "$(inherited) @executable_path/Frameworks";
				PRODUCT_BUNDLE_IDENTIFIER = com.aac.events;
				PRODUCT_NAME = "$(TARGET_NAME)";
				SWIFT_VERSION = 4.0;
				TARGETED_DEVICE_FAMILY = "1,2";
			};
			name = Debug;
		};
		9BD4A46A1FFC485700C20D4F /* Release */ = {
			isa = XCBuildConfiguration;
			baseConfigurationReference = C4D2BBC311FDAA57CD82B4BA /* Pods-AAC Events.release.xcconfig */;
			buildSettings = {
				ALWAYS_EMBED_SWIFT_STANDARD_LIBRARIES = YES;
				ASSETCATALOG_COMPILER_APPICON_NAME = AppIcon;
				CODE_SIGN_ENTITLEMENTS = "AAC Events/AAC Events.entitlements";
				CODE_SIGN_STYLE = Automatic;
				DEVELOPMENT_TEAM = "";
				INFOPLIST_FILE = "AAC Events/Info.plist";
				LD_RUNPATH_SEARCH_PATHS = "$(inherited) @executable_path/Frameworks";
				PRODUCT_BUNDLE_IDENTIFIER = com.aac.events;
				PRODUCT_NAME = "$(TARGET_NAME)";
				SWIFT_VERSION = 4.0;
				TARGETED_DEVICE_FAMILY = "1,2";
			};
			name = Release;
		};
		9BD4A46C1FFC485700C20D4F /* Debug */ = {
			isa = XCBuildConfiguration;
			baseConfigurationReference = 98C5C5F96D2D6F7313CD9A7A /* Pods-AAC EventsTests.debug.xcconfig */;
			buildSettings = {
				ALWAYS_EMBED_SWIFT_STANDARD_LIBRARIES = YES;
				BUNDLE_LOADER = "$(TEST_HOST)";
				CODE_SIGN_STYLE = Automatic;
				DEVELOPMENT_TEAM = 6AUN9FGGRZ;
				INFOPLIST_FILE = "AAC EventsTests/Info.plist";
				LD_RUNPATH_SEARCH_PATHS = "$(inherited) @executable_path/Frameworks @loader_path/Frameworks";
				PRODUCT_BUNDLE_IDENTIFIER = "AAC.AAC-EventsTests";
				PRODUCT_NAME = "$(TARGET_NAME)";
				SWIFT_VERSION = 4.0;
				TARGETED_DEVICE_FAMILY = "1,2";
				TEST_HOST = "$(BUILT_PRODUCTS_DIR)/AAC Events.app/AAC Events";
			};
			name = Debug;
		};
		9BD4A46D1FFC485700C20D4F /* Release */ = {
			isa = XCBuildConfiguration;
			baseConfigurationReference = 406C4D7011B0DC5372B93604 /* Pods-AAC EventsTests.release.xcconfig */;
			buildSettings = {
				ALWAYS_EMBED_SWIFT_STANDARD_LIBRARIES = YES;
				BUNDLE_LOADER = "$(TEST_HOST)";
				CODE_SIGN_STYLE = Automatic;
				DEVELOPMENT_TEAM = 6AUN9FGGRZ;
				INFOPLIST_FILE = "AAC EventsTests/Info.plist";
				LD_RUNPATH_SEARCH_PATHS = "$(inherited) @executable_path/Frameworks @loader_path/Frameworks";
				PRODUCT_BUNDLE_IDENTIFIER = "AAC.AAC-EventsTests";
				PRODUCT_NAME = "$(TARGET_NAME)";
				SWIFT_VERSION = 4.0;
				TARGETED_DEVICE_FAMILY = "1,2";
				TEST_HOST = "$(BUILT_PRODUCTS_DIR)/AAC Events.app/AAC Events";
			};
			name = Release;
		};
		9BD4A46F1FFC485700C20D4F /* Debug */ = {
			isa = XCBuildConfiguration;
			baseConfigurationReference = E04F978DC78777E57C91B4E9 /* Pods-AAC EventsUITests.debug.xcconfig */;
			buildSettings = {
				ALWAYS_EMBED_SWIFT_STANDARD_LIBRARIES = YES;
				CODE_SIGN_STYLE = Automatic;
				DEVELOPMENT_TEAM = 6AUN9FGGRZ;
				INFOPLIST_FILE = "AAC EventsUITests/Info.plist";
				LD_RUNPATH_SEARCH_PATHS = "$(inherited) @executable_path/Frameworks @loader_path/Frameworks";
				PRODUCT_BUNDLE_IDENTIFIER = "AAC.AAC-EventsUITests";
				PRODUCT_NAME = "$(TARGET_NAME)";
				SWIFT_VERSION = 4.0;
				TARGETED_DEVICE_FAMILY = "1,2";
				TEST_TARGET_NAME = "AAC Events";
			};
			name = Debug;
		};
		9BD4A4701FFC485700C20D4F /* Release */ = {
			isa = XCBuildConfiguration;
			baseConfigurationReference = 85731998ADBEDC9ECBB94EE9 /* Pods-AAC EventsUITests.release.xcconfig */;
			buildSettings = {
				ALWAYS_EMBED_SWIFT_STANDARD_LIBRARIES = YES;
				CODE_SIGN_STYLE = Automatic;
				DEVELOPMENT_TEAM = 6AUN9FGGRZ;
				INFOPLIST_FILE = "AAC EventsUITests/Info.plist";
				LD_RUNPATH_SEARCH_PATHS = "$(inherited) @executable_path/Frameworks @loader_path/Frameworks";
				PRODUCT_BUNDLE_IDENTIFIER = "AAC.AAC-EventsUITests";
				PRODUCT_NAME = "$(TARGET_NAME)";
				SWIFT_VERSION = 4.0;
				TARGETED_DEVICE_FAMILY = "1,2";
				TEST_TARGET_NAME = "AAC Events";
			};
			name = Release;
		};
/* End XCBuildConfiguration section */

/* Begin XCConfigurationList section */
		9B88BFDC204F99C20067BFF6 /* Build configuration list for PBXNativeTarget "OneSignalNotificationServiceExtension" */ = {
			isa = XCConfigurationList;
			buildConfigurations = (
				9B88BFDA204F99C20067BFF6 /* Debug */,
				9B88BFDB204F99C20067BFF6 /* Release */,
			);
			defaultConfigurationIsVisible = 0;
			defaultConfigurationName = Release;
		};
		9BD4A4381FFC485700C20D4F /* Build configuration list for PBXProject "AAC Events" */ = {
			isa = XCConfigurationList;
			buildConfigurations = (
				9BD4A4661FFC485700C20D4F /* Debug */,
				9BD4A4671FFC485700C20D4F /* Release */,
			);
			defaultConfigurationIsVisible = 0;
			defaultConfigurationName = Release;
		};
		9BD4A4681FFC485700C20D4F /* Build configuration list for PBXNativeTarget "AAC Events" */ = {
			isa = XCConfigurationList;
			buildConfigurations = (
				9BD4A4691FFC485700C20D4F /* Debug */,
				9BD4A46A1FFC485700C20D4F /* Release */,
			);
			defaultConfigurationIsVisible = 0;
			defaultConfigurationName = Release;
		};
		9BD4A46B1FFC485700C20D4F /* Build configuration list for PBXNativeTarget "AAC EventsTests" */ = {
			isa = XCConfigurationList;
			buildConfigurations = (
				9BD4A46C1FFC485700C20D4F /* Debug */,
				9BD4A46D1FFC485700C20D4F /* Release */,
			);
			defaultConfigurationIsVisible = 0;
			defaultConfigurationName = Release;
		};
		9BD4A46E1FFC485700C20D4F /* Build configuration list for PBXNativeTarget "AAC EventsUITests" */ = {
			isa = XCConfigurationList;
			buildConfigurations = (
				9BD4A46F1FFC485700C20D4F /* Debug */,
				9BD4A4701FFC485700C20D4F /* Release */,
			);
			defaultConfigurationIsVisible = 0;
			defaultConfigurationName = Release;
		};
/* End XCConfigurationList section */

/* Begin XCVersionGroup section */
		9BD4A4471FFC485700C20D4F /* AAC_Events.xcdatamodeld */ = {
			isa = XCVersionGroup;
			children = (
				9BD4A4481FFC485700C20D4F /* AAC_Events.xcdatamodel */,
			);
			currentVersion = 9BD4A4481FFC485700C20D4F /* AAC_Events.xcdatamodel */;
			path = AAC_Events.xcdatamodeld;
			sourceTree = "<group>";
			versionGroupType = wrapper.xcdatamodel;
		};
/* End XCVersionGroup section */
	};
	rootObject = 9BD4A4351FFC485700C20D4F /* Project object */;
}
