PODS:
  - InteractiveSideMenu (2.3)
  - OneSignal (2.10.0)
  - SDWebImage (4.4.7):
    - SDWebImage/Core (= 4.4.7)
  - SDWebImage/Core (4.4.7)

DEPENDENCIES:
  - InteractiveSideMenu
  - OneSignal (< 3.0, >= 2.5.2)
  - OneSignal (< 3.0, >= 2.6.2)
  - SDWebImage (~> 4.0)

SPEC REPOS:
  https://github.com/cocoapods/specs.git:
    - InteractiveSideMenu
    - OneSignal
    - SDWebImage

SPEC CHECKSUMS:
  InteractiveSideMenu: d503a508c6d62a4d5d4372d9fb9e1795637a8e45
  OneSignal: 0f5ff711d9f25da54885e4ab06ef0abc221a46ef
  SDWebImage: c10d14a8883ebd89664f02a422006f66a85c0c5d

PODFILE CHECKSUM: 808225b17631377a48ee35cd9bfe13e9bee06ba8

COCOAPODS: 1.6.1
